
Microsoft Visual Studio Solution File, Format Version 12.00
# Visual Studio Version 17
VisualStudioVersion = 17.1.32414.318
MinimumVisualStudioVersion = 10.0.40219.1
Project("{FAE04EC0-301F-11D3-BF4B-00C04F79EFBC}") = "Verhuur van speedboten", "Verhuur van speedboten\Verhuur van speedboten.csproj", "{39F55AB4-97AA-4B7F-9C8D-BE081D227920}"
EndProject
Global
	GlobalSection(SolutionConfigurationPlatforms) = preSolution
		Debug|Any CPU = Debug|Any CPU
		Release|Any CPU = Release|Any CPU
	EndGlobalSection
	GlobalSection(ProjectConfigurationPlatforms) = postSolution
		{39F55AB4-97AA-4B7F-9C8D-BE081D227920}.Debug|Any CPU.ActiveCfg = Debug|Any CPU
		{39F55AB4-97AA-4B7F-9C8D-BE081D227920}.Debug|Any CPU.Build.0 = Debug|Any CPU
		{39F55AB4-97AA-4B7F-9C8D-BE081D227920}.Release|Any CPU.ActiveCfg = Release|Any CPU
		{39F55AB4-97AA-4B7F-9C8D-BE081D227920}.Release|Any CPU.Build.0 = Release|Any CPU
	EndGlobalSection
	GlobalSection(SolutionProperties) = preSolution
		HideSolutionNode = FALSE
	EndGlobalSection
	GlobalSection(ExtensibilityGlobals) = postSolution
		SolutionGuid = {7737CA96-9312-4251-B2A1-FCA5DB8591F4}
	EndGlobalSection
EndGlobal
