
Microsoft Visual Studio Solution File, Format Version 12.00
# Visual Studio Version 17
VisualStudioVersion = 17.1.32414.318
MinimumVisualStudioVersion = 10.0.40219.1
Project("{FAE04EC0-301F-11D3-BF4B-00C04F79EFBC}") = "scenario3-1", "scenario3-1\scenario3-1.csproj", "{2358EB84-4348-492A-A6BF-42EBAA13BCE0}"
EndProject
Global
	GlobalSection(SolutionConfigurationPlatforms) = preSolution
		Debug|Any CPU = Debug|Any CPU
		Release|Any CPU = Release|Any CPU
	EndGlobalSection
	GlobalSection(ProjectConfigurationPlatforms) = postSolution
		{2358EB84-4348-492A-A6BF-42EBAA13BCE0}.Debug|Any CPU.ActiveCfg = Debug|Any CPU
		{2358EB84-4348-492A-A6BF-42EBAA13BCE0}.Debug|Any CPU.Build.0 = Debug|Any CPU
		{2358EB84-4348-492A-A6BF-42EBAA13BCE0}.Release|Any CPU.ActiveCfg = Release|Any CPU
		{2358EB84-4348-492A-A6BF-42EBAA13BCE0}.Release|Any CPU.Build.0 = Release|Any CPU
	EndGlobalSection
	GlobalSection(SolutionProperties) = preSolution
		HideSolutionNode = FALSE
	EndGlobalSection
	GlobalSection(ExtensibilityGlobals) = postSolution
		SolutionGuid = {A0C6E8C9-B524-4475-833C-A5E9259BC147}
	EndGlobalSection
EndGlobal
